
Microsoft Visual Studio Solution File, Format Version 12.00
# Visual Studio Version 17
VisualStudioVersion = 17.9.34701.34
MinimumVisualStudioVersion = 10.0.40219.1
Project("{9A19103F-16F7-4668-BE54-9A1E7A4F7556}") = "ElectricBillBooking", "ElectricBillBooking.csproj", "{9839C67B-CC9E-41C9-86A7-830F31C86045}"
EndProject
Project("{2150E333-8FDC-42A3-9474-1A3956D46DE8}") = "Solution Items", "Solution Items", "{4DDFC403-2817-4FAF-8ADA-FED395B70649}"
	ProjectSection(SolutionItems) = preProject
		BookingModel.cs = BookingModel.cs
		SignInModel.cs = SignInModel.cs
		SignUpModel.cs = SignUpModel.cs
		Startup.cs = Startup.cs
		UserCredentialsModel.cs = UserCredentialsModel.cs
	EndProjectSection
EndProject
Global
	GlobalSection(SolutionConfigurationPlatforms) = preSolution
		Debug|Any CPU = Debug|Any CPU
		Release|Any CPU = Release|Any CPU
	EndGlobalSection
	GlobalSection(ProjectConfigurationPlatforms) = postSolution
		{9839C67B-CC9E-41C9-86A7-830F31C86045}.Debug|Any CPU.ActiveCfg = Debug|Any CPU
		{9839C67B-CC9E-41C9-86A7-830F31C86045}.Debug|Any CPU.Build.0 = Debug|Any CPU
		{9839C67B-CC9E-41C9-86A7-830F31C86045}.Release|Any CPU.ActiveCfg = Release|Any CPU
		{9839C67B-CC9E-41C9-86A7-830F31C86045}.Release|Any CPU.Build.0 = Release|Any CPU
	EndGlobalSection
	GlobalSection(SolutionProperties) = preSolution
		HideSolutionNode = FALSE
	EndGlobalSection
	GlobalSection(ExtensibilityGlobals) = postSolution
		SolutionGuid = {FC4BE80A-62C7-4DEE-9896-C0F3D5E5F3B0}
	EndGlobalSection
EndGlobal
